
Microsoft Visual Studio Solution File, Format Version 12.00
# Visual Studio Version 16
VisualStudioVersion = 16.0.29911.84
MinimumVisualStudioVersion = 10.0.40219.1
Project("{FAE04EC0-301F-11D3-BF4B-00C04F79EFBC}") = "test_cov.UWP", "test_cov\test_cov.UWP\test_cov.UWP.csproj", "{640EA0B7-4390-4ECB-8D7C-4881628768B2}"
EndProject
Project("{FAE04EC0-301F-11D3-BF4B-00C04F79EFBC}") = "test_cov.Android", "test_cov\test_cov.Android\test_cov.Android.csproj", "{C588BFFE-1304-4C36-AFDF-B36D0874BD20}"
EndProject
Project("{FAE04EC0-301F-11D3-BF4B-00C04F79EFBC}") = "test_cov.iOS", "test_cov\test_cov.iOS\test_cov.iOS.csproj", "{C7174CB0-AF39-4D0D-9284-D6B9DBB6ED97}"
EndProject
Project("{FAE04EC0-301F-11D3-BF4B-00C04F79EFBC}") = "test_cov", "test_cov\test_cov\test_cov.csproj", "{BD3499BB-7F60-4D61-87FF-C943485DD173}"
EndProject
Global
	GlobalSection(SolutionConfigurationPlatforms) = preSolution
		Debug|Any CPU = Debug|Any CPU
		Debug|ARM = Debug|ARM
		Debug|iPhone = Debug|iPhone
		Debug|iPhoneSimulator = Debug|iPhoneSimulator
		Debug|x64 = Debug|x64
		Debug|x86 = Debug|x86
		Release|Any CPU = Release|Any CPU
		Release|ARM = Release|ARM
		Release|iPhone = Release|iPhone
		Release|iPhoneSimulator = Release|iPhoneSimulator
		Release|x64 = Release|x64
		Release|x86 = Release|x86
	EndGlobalSection
	GlobalSection(ProjectConfigurationPlatforms) = postSolution
		{640EA0B7-4390-4ECB-8D7C-4881628768B2}.Debug|Any CPU.ActiveCfg = Debug|x86
		{640EA0B7-4390-4ECB-8D7C-4881628768B2}.Debug|Any CPU.Build.0 = Debug|x86
		{640EA0B7-4390-4ECB-8D7C-4881628768B2}.Debug|Any CPU.Deploy.0 = Debug|x86
		{640EA0B7-4390-4ECB-8D7C-4881628768B2}.Debug|ARM.ActiveCfg = Debug|ARM
		{640EA0B7-4390-4ECB-8D7C-4881628768B2}.Debug|ARM.Build.0 = Debug|ARM
		{640EA0B7-4390-4ECB-8D7C-4881628768B2}.Debug|ARM.Deploy.0 = Debug|ARM
		{640EA0B7-4390-4ECB-8D7C-4881628768B2}.Debug|iPhone.ActiveCfg = Debug|x86
		{640EA0B7-4390-4ECB-8D7C-4881628768B2}.Debug|iPhone.Build.0 = Debug|x86
		{640EA0B7-4390-4ECB-8D7C-4881628768B2}.Debug|iPhone.Deploy.0 = Debug|x86
		{640EA0B7-4390-4ECB-8D7C-4881628768B2}.Debug|iPhoneSimulator.ActiveCfg = Debug|x86
		{640EA0B7-4390-4ECB-8D7C-4881628768B2}.Debug|iPhoneSimulator.Build.0 = Debug|x86
		{640EA0B7-4390-4ECB-8D7C-4881628768B2}.Debug|iPhoneSimulator.Deploy.0 = Debug|x86
		{640EA0B7-4390-4ECB-8D7C-4881628768B2}.Debug|x64.ActiveCfg = Debug|x64
		{640EA0B7-4390-4ECB-8D7C-4881628768B2}.Debug|x64.Build.0 = Debug|x64
		{640EA0B7-4390-4ECB-8D7C-4881628768B2}.Debug|x64.Deploy.0 = Debug|x64
		{640EA0B7-4390-4ECB-8D7C-4881628768B2}.Debug|x86.ActiveCfg = Debug|x86
		{640EA0B7-4390-4ECB-8D7C-4881628768B2}.Debug|x86.Build.0 = Debug|x86
		{640EA0B7-4390-4ECB-8D7C-4881628768B2}.Debug|x86.Deploy.0 = Debug|x86
		{640EA0B7-4390-4ECB-8D7C-4881628768B2}.Release|Any CPU.ActiveCfg = Release|x86
		{640EA0B7-4390-4ECB-8D7C-4881628768B2}.Release|Any CPU.Build.0 = Release|x86
		{640EA0B7-4390-4ECB-8D7C-4881628768B2}.Release|Any CPU.Deploy.0 = Release|x86
		{640EA0B7-4390-4ECB-8D7C-4881628768B2}.Release|ARM.ActiveCfg = Release|ARM
		{640EA0B7-4390-4ECB-8D7C-4881628768B2}.Release|ARM.Build.0 = Release|ARM
		{640EA0B7-4390-4ECB-8D7C-4881628768B2}.Release|ARM.Deploy.0 = Release|ARM
		{640EA0B7-4390-4ECB-8D7C-4881628768B2}.Release|iPhone.ActiveCfg = Release|x86
		{640EA0B7-4390-4ECB-8D7C-4881628768B2}.Release|iPhone.Build.0 = Release|x86
		{640EA0B7-4390-4ECB-8D7C-4881628768B2}.Release|iPhone.Deploy.0 = Release|x86
		{640EA0B7-4390-4ECB-8D7C-4881628768B2}.Release|iPhoneSimulator.ActiveCfg = Release|x86
		{640EA0B7-4390-4ECB-8D7C-4881628768B2}.Release|iPhoneSimulator.Build.0 = Release|x86
		{640EA0B7-4390-4ECB-8D7C-4881628768B2}.Release|iPhoneSimulator.Deploy.0 = Release|x86
		{640EA0B7-4390-4ECB-8D7C-4881628768B2}.Release|x64.ActiveCfg = Release|x64
		{640EA0B7-4390-4ECB-8D7C-4881628768B2}.Release|x64.Build.0 = Release|x64
		{640EA0B7-4390-4ECB-8D7C-4881628768B2}.Release|x64.Deploy.0 = Release|x64
		{640EA0B7-4390-4ECB-8D7C-4881628768B2}.Release|x86.ActiveCfg = Release|x86
		{640EA0B7-4390-4ECB-8D7C-4881628768B2}.Release|x86.Build.0 = Release|x86
		{640EA0B7-4390-4ECB-8D7C-4881628768B2}.Release|x86.Deploy.0 = Release|x86
		{C588BFFE-1304-4C36-AFDF-B36D0874BD20}.Debug|Any CPU.ActiveCfg = Debug|Any CPU
		{C588BFFE-1304-4C36-AFDF-B36D0874BD20}.Debug|Any CPU.Build.0 = Debug|Any CPU
		{C588BFFE-1304-4C36-AFDF-B36D0874BD20}.Debug|Any CPU.Deploy.0 = Debug|Any CPU
		{C588BFFE-1304-4C36-AFDF-B36D0874BD20}.Debug|ARM.ActiveCfg = Debug|Any CPU
		{C588BFFE-1304-4C36-AFDF-B36D0874BD20}.Debug|ARM.Build.0 = Debug|Any CPU
		{C588BFFE-1304-4C36-AFDF-B36D0874BD20}.Debug|ARM.Deploy.0 = Debug|Any CPU
		{C588BFFE-1304-4C36-AFDF-B36D0874BD20}.Debug|iPhone.ActiveCfg = Debug|Any CPU
		{C588BFFE-1304-4C36-AFDF-B36D0874BD20}.Debug|iPhone.Build.0 = Debug|Any CPU
		{C588BFFE-1304-4C36-AFDF-B36D0874BD20}.Debug|iPhone.Deploy.0 = Debug|Any CPU
		{C588BFFE-1304-4C36-AFDF-B36D0874BD20}.Debug|iPhoneSimulator.ActiveCfg = Debug|Any CPU
		{C588BFFE-1304-4C36-AFDF-B36D0874BD20}.Debug|iPhoneSimulator.Build.0 = Debug|Any CPU
		{C588BFFE-1304-4C36-AFDF-B36D0874BD20}.Debug|iPhoneSimulator.Deploy.0 = Debug|Any CPU
		{C588BFFE-1304-4C36-AFDF-B36D0874BD20}.Debug|x64.ActiveCfg = Debug|Any CPU
		{C588BFFE-1304-4C36-AFDF-B36D0874BD20}.Debug|x64.Build.0 = Debug|Any CPU
		{C588BFFE-1304-4C36-AFDF-B36D0874BD20}.Debug|x64.Deploy.0 = Debug|Any CPU
		{C588BFFE-1304-4C36-AFDF-B36D0874BD20}.Debug|x86.ActiveCfg = Debug|Any CPU
		{C588BFFE-1304-4C36-AFDF-B36D0874BD20}.Debug|x86.Build.0 = Debug|Any CPU
		{C588BFFE-1304-4C36-AFDF-B36D0874BD20}.Debug|x86.Deploy.0 = Debug|Any CPU
		{C588BFFE-1304-4C36-AFDF-B36D0874BD20}.Release|Any CPU.ActiveCfg = Release|Any CPU
		{C588BFFE-1304-4C36-AFDF-B36D0874BD20}.Release|Any CPU.Build.0 = Release|Any CPU
		{C588BFFE-1304-4C36-AFDF-B36D0874BD20}.Release|Any CPU.Deploy.0 = Release|Any CPU
		{C588BFFE-1304-4C36-AFDF-B36D0874BD20}.Release|ARM.ActiveCfg = Release|Any CPU
		{C588BFFE-1304-4C36-AFDF-B36D0874BD20}.Release|ARM.Build.0 = Release|Any CPU
		{C588BFFE-1304-4C36-AFDF-B36D0874BD20}.Release|ARM.Deploy.0 = Release|Any CPU
		{C588BFFE-1304-4C36-AFDF-B36D0874BD20}.Release|iPhone.ActiveCfg = Release|Any CPU
		{C588BFFE-1304-4C36-AFDF-B36D0874BD20}.Release|iPhone.Build.0 = Release|Any CPU
		{C588BFFE-1304-4C36-AFDF-B36D0874BD20}.Release|iPhone.Deploy.0 = Release|Any CPU
		{C588BFFE-1304-4C36-AFDF-B36D0874BD20}.Release|iPhoneSimulator.ActiveCfg = Release|Any CPU
		{C588BFFE-1304-4C36-AFDF-B36D0874BD20}.Release|iPhoneSimulator.Build.0 = Release|Any CPU
		{C588BFFE-1304-4C36-AFDF-B36D0874BD20}.Release|iPhoneSimulator.Deploy.0 = Release|Any CPU
		{C588BFFE-1304-4C36-AFDF-B36D0874BD20}.Release|x64.ActiveCfg = Release|Any CPU
		{C588BFFE-1304-4C36-AFDF-B36D0874BD20}.Release|x64.Build.0 = Release|Any CPU
		{C588BFFE-1304-4C36-AFDF-B36D0874BD20}.Release|x64.Deploy.0 = Release|Any CPU
		{C588BFFE-1304-4C36-AFDF-B36D0874BD20}.Release|x86.ActiveCfg = Release|Any CPU
		{C588BFFE-1304-4C36-AFDF-B36D0874BD20}.Release|x86.Build.0 = Release|Any CPU
		{C588BFFE-1304-4C36-AFDF-B36D0874BD20}.Release|x86.Deploy.0 = Release|Any CPU
		{C7174CB0-AF39-4D0D-9284-D6B9DBB6ED97}.Debug|Any CPU.ActiveCfg = Debug|iPhone
		{C7174CB0-AF39-4D0D-9284-D6B9DBB6ED97}.Debug|Any CPU.Build.0 = Debug|iPhone
		{C7174CB0-AF39-4D0D-9284-D6B9DBB6ED97}.Debug|Any CPU.Deploy.0 = Debug|iPhone
		{C7174CB0-AF39-4D0D-9284-D6B9DBB6ED97}.Debug|ARM.ActiveCfg = Debug|iPhone
		{C7174CB0-AF39-4D0D-9284-D6B9DBB6ED97}.Debug|ARM.Build.0 = Debug|iPhone
		{C7174CB0-AF39-4D0D-9284-D6B9DBB6ED97}.Debug|ARM.Deploy.0 = Debug|iPhone
		{C7174CB0-AF39-4D0D-9284-D6B9DBB6ED97}.Debug|iPhone.ActiveCfg = Debug|iPhone
		{C7174CB0-AF39-4D0D-9284-D6B9DBB6ED97}.Debug|iPhone.Build.0 = Debug|iPhone
		{C7174CB0-AF39-4D0D-9284-D6B9DBB6ED97}.Debug|iPhone.Deploy.0 = Debug|iPhone
		{C7174CB0-AF39-4D0D-9284-D6B9DBB6ED97}.Debug|iPhoneSimulator.ActiveCfg = Debug|iPhoneSimulator
		{C7174CB0-AF39-4D0D-9284-D6B9DBB6ED97}.Debug|iPhoneSimulator.Build.0 = Debug|iPhoneSimulator
		{C7174CB0-AF39-4D0D-9284-D6B9DBB6ED97}.Debug|iPhoneSimulator.Deploy.0 = Debug|iPhoneSimulator
		{C7174CB0-AF39-4D0D-9284-D6B9DBB6ED97}.Debug|x64.ActiveCfg = Debug|iPhone
		{C7174CB0-AF39-4D0D-9284-D6B9DBB6ED97}.Debug|x64.Build.0 = Debug|iPhone
		{C7174CB0-AF39-4D0D-9284-D6B9DBB6ED97}.Debug|x64.Deploy.0 = Debug|iPhone
		{C7174CB0-AF39-4D0D-9284-D6B9DBB6ED97}.Debug|x86.ActiveCfg = Debug|iPhone
		{C7174CB0-AF39-4D0D-9284-D6B9DBB6ED97}.Debug|x86.Build.0 = Debug|iPhone
		{C7174CB0-AF39-4D0D-9284-D6B9DBB6ED97}.Debug|x86.Deploy.0 = Debug|iPhone
		{C7174CB0-AF39-4D0D-9284-D6B9DBB6ED97}.Release|Any CPU.ActiveCfg = Release|iPhone
		{C7174CB0-AF39-4D0D-9284-D6B9DBB6ED97}.Release|Any CPU.Build.0 = Release|iPhone
		{C7174CB0-AF39-4D0D-9284-D6B9DBB6ED97}.Release|Any CPU.Deploy.0 = Release|iPhone
		{C7174CB0-AF39-4D0D-9284-D6B9DBB6ED97}.Release|ARM.ActiveCfg = Release|iPhone
		{C7174CB0-AF39-4D0D-9284-D6B9DBB6ED97}.Release|ARM.Build.0 = Release|iPhone
		{C7174CB0-AF39-4D0D-9284-D6B9DBB6ED97}.Release|ARM.Deploy.0 = Release|iPhone
		{C7174CB0-AF39-4D0D-9284-D6B9DBB6ED97}.Release|iPhone.ActiveCfg = Release|iPhone
		{C7174CB0-AF39-4D0D-9284-D6B9DBB6ED97}.Release|iPhone.Build.0 = Release|iPhone
		{C7174CB0-AF39-4D0D-9284-D6B9DBB6ED97}.Release|iPhone.Deploy.0 = Release|iPhone
		{C7174CB0-AF39-4D0D-9284-D6B9DBB6ED97}.Release|iPhoneSimulator.ActiveCfg = Release|iPhoneSimulator
		{C7174CB0-AF39-4D0D-9284-D6B9DBB6ED97}.Release|iPhoneSimulator.Build.0 = Release|iPhoneSimulator
		{C7174CB0-AF39-4D0D-9284-D6B9DBB6ED97}.Release|iPhoneSimulator.Deploy.0 = Release|iPhoneSimulator
		{C7174CB0-AF39-4D0D-9284-D6B9DBB6ED97}.Release|x64.ActiveCfg = Release|iPhone
		{C7174CB0-AF39-4D0D-9284-D6B9DBB6ED97}.Release|x64.Build.0 = Release|iPhone
		{C7174CB0-AF39-4D0D-9284-D6B9DBB6ED97}.Release|x64.Deploy.0 = Release|iPhone
		{C7174CB0-AF39-4D0D-9284-D6B9DBB6ED97}.Release|x86.ActiveCfg = Release|iPhone
		{C7174CB0-AF39-4D0D-9284-D6B9DBB6ED97}.Release|x86.Build.0 = Release|iPhone
		{C7174CB0-AF39-4D0D-9284-D6B9DBB6ED97}.Release|x86.Deploy.0 = Release|iPhone
		{BD3499BB-7F60-4D61-87FF-C943485DD173}.Debug|Any CPU.ActiveCfg = Debug|Any CPU
		{BD3499BB-7F60-4D61-87FF-C943485DD173}.Debug|Any CPU.Build.0 = Debug|Any CPU
		{BD3499BB-7F60-4D61-87FF-C943485DD173}.Debug|Any CPU.Deploy.0 = Debug|Any CPU
		{BD3499BB-7F60-4D61-87FF-C943485DD173}.Debug|ARM.ActiveCfg = Debug|Any CPU
		{BD3499BB-7F60-4D61-87FF-C943485DD173}.Debug|ARM.Build.0 = Debug|Any CPU
		{BD3499BB-7F60-4D61-87FF-C943485DD173}.Debug|ARM.Deploy.0 = Debug|Any CPU
		{BD3499BB-7F60-4D61-87FF-C943485DD173}.Debug|iPhone.ActiveCfg = Debug|Any CPU
		{BD3499BB-7F60-4D61-87FF-C943485DD173}.Debug|iPhone.Build.0 = Debug|Any CPU
		{BD3499BB-7F60-4D61-87FF-C943485DD173}.Debug|iPhone.Deploy.0 = Debug|Any CPU
		{BD3499BB-7F60-4D61-87FF-C943485DD173}.Debug|iPhoneSimulator.ActiveCfg = Debug|Any CPU
		{BD3499BB-7F60-4D61-87FF-C943485DD173}.Debug|iPhoneSimulator.Build.0 = Debug|Any CPU
		{BD3499BB-7F60-4D61-87FF-C943485DD173}.Debug|iPhoneSimulator.Deploy.0 = Debug|Any CPU
		{BD3499BB-7F60-4D61-87FF-C943485DD173}.Debug|x64.ActiveCfg = Debug|Any CPU
		{BD3499BB-7F60-4D61-87FF-C943485DD173}.Debug|x64.Build.0 = Debug|Any CPU
		{BD3499BB-7F60-4D61-87FF-C943485DD173}.Debug|x64.Deploy.0 = Debug|Any CPU
		{BD3499BB-7F60-4D61-87FF-C943485DD173}.Debug|x86.ActiveCfg = Debug|Any CPU
		{BD3499BB-7F60-4D61-87FF-C943485DD173}.Debug|x86.Build.0 = Debug|Any CPU
		{BD3499BB-7F60-4D61-87FF-C943485DD173}.Debug|x86.Deploy.0 = Debug|Any CPU
		{BD3499BB-7F60-4D61-87FF-C943485DD173}.Release|Any CPU.ActiveCfg = Release|Any CPU
		{BD3499BB-7F60-4D61-87FF-C943485DD173}.Release|Any CPU.Build.0 = Release|Any CPU
		{BD3499BB-7F60-4D61-87FF-C943485DD173}.Release|Any CPU.Deploy.0 = Release|Any CPU
		{BD3499BB-7F60-4D61-87FF-C943485DD173}.Release|ARM.ActiveCfg = Release|Any CPU
		{BD3499BB-7F60-4D61-87FF-C943485DD173}.Release|ARM.Build.0 = Release|Any CPU
		{BD3499BB-7F60-4D61-87FF-C943485DD173}.Release|ARM.Deploy.0 = Release|Any CPU
		{BD3499BB-7F60-4D61-87FF-C943485DD173}.Release|iPhone.ActiveCfg = Release|Any CPU
		{BD3499BB-7F60-4D61-87FF-C943485DD173}.Release|iPhone.Build.0 = Release|Any CPU
		{BD3499BB-7F60-4D61-87FF-C943485DD173}.Release|iPhone.Deploy.0 = Release|Any CPU
		{BD3499BB-7F60-4D61-87FF-C943485DD173}.Release|iPhoneSimulator.ActiveCfg = Release|Any CPU
		{BD3499BB-7F60-4D61-87FF-C943485DD173}.Release|iPhoneSimulator.Build.0 = Release|Any CPU
		{BD3499BB-7F60-4D61-87FF-C943485DD173}.Release|iPhoneSimulator.Deploy.0 = Release|Any CPU
		{BD3499BB-7F60-4D61-87FF-C943485DD173}.Release|x64.ActiveCfg = Release|Any CPU
		{BD3499BB-7F60-4D61-87FF-C943485DD173}.Release|x64.Build.0 = Release|Any CPU
		{BD3499BB-7F60-4D61-87FF-C943485DD173}.Release|x64.Deploy.0 = Release|Any CPU
		{BD3499BB-7F60-4D61-87FF-C943485DD173}.Release|x86.ActiveCfg = Release|Any CPU
		{BD3499BB-7F60-4D61-87FF-C943485DD173}.Release|x86.Build.0 = Release|Any CPU
		{BD3499BB-7F60-4D61-87FF-C943485DD173}.Release|x86.Deploy.0 = Release|Any CPU
	EndGlobalSection
	GlobalSection(SolutionProperties) = preSolution
		HideSolutionNode = FALSE
	EndGlobalSection
	GlobalSection(ExtensibilityGlobals) = postSolution
		SolutionGuid = {68DBB7B4-B097-4A4E-8354-13F6174C072E}
	EndGlobalSection
EndGlobal
